// !$*UTF8*$!
{
	archiveVersion = 1;
	classes = {
	};
	objectVersion = 46;
	objects = {

/* Begin PBXBuildFile section */
		D80525731B193858000BD258 /* Rex.framework in Frameworks */ = {isa = PBXBuildFile; fileRef = D80525721B193858000BD258 /* Rex.framework */; };
		D80525741B193861000BD258 /* Rex.framework in Frameworks */ = {isa = PBXBuildFile; fileRef = D80525721B193858000BD258 /* Rex.framework */; };
		D80525751B193861000BD258 /* Rex.framework in Embed Frameworks */ = {isa = PBXBuildFile; fileRef = D80525721B193858000BD258 /* Rex.framework */; settings = {ATTRIBUTES = (CodeSignOnCopy, RemoveHeadersOnCopy, ); }; };
		D80525771B193EBF000BD258 /* Peripheral.swift in Sources */ = {isa = PBXBuildFile; fileRef = D80525761B193EBF000BD258 /* Peripheral.swift */; };
		D80525791B193F18000BD258 /* CentralManager.swift in Sources */ = {isa = PBXBuildFile; fileRef = D80525781B193F18000BD258 /* CentralManager.swift */; };
		D812FF0E1B151410009D3016 /* Circulate.h in Headers */ = {isa = PBXBuildFile; fileRef = D812FF0D1B151410009D3016 /* Circulate.h */; settings = {ATTRIBUTES = (Public, ); }; };
		D812FF141B151411009D3016 /* Circulate.framework in Frameworks */ = {isa = PBXBuildFile; fileRef = D812FF091B151410009D3016 /* Circulate.framework */; };
		D812FF1D1B151411009D3016 /* CirculateTests.swift in Sources */ = {isa = PBXBuildFile; fileRef = D812FF1C1B151411009D3016 /* CirculateTests.swift */; };
		D812FF2C1B152159009D3016 /* CoreBluetooth.framework in Frameworks */ = {isa = PBXBuildFile; fileRef = D830401319CAAD8F009E7581 /* CoreBluetooth.framework */; };
		D812FF301B152352009D3016 /* Box.framework in Frameworks */ = {isa = PBXBuildFile; fileRef = D812FF2D1B152352009D3016 /* Box.framework */; };
		D812FF311B152352009D3016 /* ReactiveCocoa.framework in Frameworks */ = {isa = PBXBuildFile; fileRef = D812FF2E1B152352009D3016 /* ReactiveCocoa.framework */; };
		D812FF321B152352009D3016 /* Result.framework in Frameworks */ = {isa = PBXBuildFile; fileRef = D812FF2F1B152352009D3016 /* Result.framework */; };
		D812FF621B1545A8009D3016 /* AppDelegate.swift in Sources */ = {isa = PBXBuildFile; fileRef = D812FF611B1545A8009D3016 /* AppDelegate.swift */; };
		D812FF641B1545A8009D3016 /* DeviceList.swift in Sources */ = {isa = PBXBuildFile; fileRef = D812FF631B1545A8009D3016 /* DeviceList.swift */; };
		D812FF671B1545A8009D3016 /* Main.storyboard in Resources */ = {isa = PBXBuildFile; fileRef = D812FF651B1545A8009D3016 /* Main.storyboard */; };
		D812FF691B1545A8009D3016 /* Images.xcassets in Resources */ = {isa = PBXBuildFile; fileRef = D812FF681B1545A8009D3016 /* Images.xcassets */; };
		D812FF6C1B1545A8009D3016 /* LaunchScreen.xib in Resources */ = {isa = PBXBuildFile; fileRef = D812FF6A1B1545A8009D3016 /* LaunchScreen.xib */; };
		D812FF7F1B154614009D3016 /* Circulate.framework in Frameworks */ = {isa = PBXBuildFile; fileRef = D812FF091B151410009D3016 /* Circulate.framework */; };
		D812FF801B154614009D3016 /* Circulate.framework in Embed Frameworks */ = {isa = PBXBuildFile; fileRef = D812FF091B151410009D3016 /* Circulate.framework */; settings = {ATTRIBUTES = (CodeSignOnCopy, RemoveHeadersOnCopy, ); }; };
		D812FF831B154614009D3016 /* Box.framework in Frameworks */ = {isa = PBXBuildFile; fileRef = D812FF2D1B152352009D3016 /* Box.framework */; };
		D812FF841B154614009D3016 /* Box.framework in Embed Frameworks */ = {isa = PBXBuildFile; fileRef = D812FF2D1B152352009D3016 /* Box.framework */; settings = {ATTRIBUTES = (CodeSignOnCopy, RemoveHeadersOnCopy, ); }; };
		D812FF851B154614009D3016 /* ReactiveCocoa.framework in Frameworks */ = {isa = PBXBuildFile; fileRef = D812FF2E1B152352009D3016 /* ReactiveCocoa.framework */; };
		D812FF861B154614009D3016 /* ReactiveCocoa.framework in Embed Frameworks */ = {isa = PBXBuildFile; fileRef = D812FF2E1B152352009D3016 /* ReactiveCocoa.framework */; settings = {ATTRIBUTES = (CodeSignOnCopy, RemoveHeadersOnCopy, ); }; };
		D812FF871B154614009D3016 /* Result.framework in Frameworks */ = {isa = PBXBuildFile; fileRef = D812FF2F1B152352009D3016 /* Result.framework */; };
		D812FF881B154614009D3016 /* Result.framework in Embed Frameworks */ = {isa = PBXBuildFile; fileRef = D812FF2F1B152352009D3016 /* Result.framework */; settings = {ATTRIBUTES = (CodeSignOnCopy, RemoveHeadersOnCopy, ); }; };
		D812FF8A1B15461B009D3016 /* CoreBluetooth.framework in Frameworks */ = {isa = PBXBuildFile; fileRef = D830401319CAAD8F009E7581 /* CoreBluetooth.framework */; };
		D82399551B1650A80096E95C /* CBCentralManagerState.swift in Sources */ = {isa = PBXBuildFile; fileRef = D82399541B1650A80096E95C /* CBCentralManagerState.swift */; };
		D84A49D01B1D1CD2002C8206 /* SignalProducer.swift in Sources */ = {isa = PBXBuildFile; fileRef = D84A49CF1B1D1CD2002C8206 /* SignalProducer.swift */; };
		D8696D411B1A536100AC1804 /* CentralManagerDelegate.swift in Sources */ = {isa = PBXBuildFile; fileRef = D8696D401B1A536100AC1804 /* CentralManagerDelegate.swift */; };
		D8696D431B1A536C00AC1804 /* PeripheralDelegate.swift in Sources */ = {isa = PBXBuildFile; fileRef = D8696D421B1A536C00AC1804 /* PeripheralDelegate.swift */; };
		D88C44A11B1FCA0100A82E69 /* Temperature.swift in Sources */ = {isa = PBXBuildFile; fileRef = D88C44A01B1FCA0100A82E69 /* Temperature.swift */; };
		D8980E051B30CB8500B467B6 /* EditableProperty.framework in Frameworks */ = {isa = PBXBuildFile; fileRef = D8980E041B30CB8500B467B6 /* EditableProperty.framework */; };
		D8980E061B30CB8500B467B6 /* EditableProperty.framework in Embed Frameworks */ = {isa = PBXBuildFile; fileRef = D8980E041B30CB8500B467B6 /* EditableProperty.framework */; settings = {ATTRIBUTES = (CodeSignOnCopy, RemoveHeadersOnCopy, ); }; };
		D8980E071B30CBD600B467B6 /* EditableProperty.framework in Frameworks */ = {isa = PBXBuildFile; fileRef = D8980E041B30CB8500B467B6 /* EditableProperty.framework */; };
		D8980E0B1B30D91500B467B6 /* CommandQueue.swift in Sources */ = {isa = PBXBuildFile; fileRef = D8980E0A1B30D91500B467B6 /* CommandQueue.swift */; };
		D8D608881B2F98BD0068D35B /* Property.swift in Sources */ = {isa = PBXBuildFile; fileRef = D8D608871B2F98BD0068D35B /* Property.swift */; };
		D8D608951B2FB29E0068D35B /* TemperaturePicker.swift in Sources */ = {isa = PBXBuildFile; fileRef = D8D608941B2FB29E0068D35B /* TemperaturePicker.swift */; };
		D8F0972C1B17AB01002E15BA /* DeviceScreen.swift in Sources */ = {isa = PBXBuildFile; fileRef = D8F0972B1B17AB01002E15BA /* DeviceScreen.swift */; };
		D8F097301B17AB3D002E15BA /* ProducerDataSource.swift in Sources */ = {isa = PBXBuildFile; fileRef = D8F0972F1B17AB3D002E15BA /* ProducerDataSource.swift */; };
		D8F097351B17C9CD002E15BA /* AnovaDevice.swift in Sources */ = {isa = PBXBuildFile; fileRef = D8F097331B17C95B002E15BA /* AnovaDevice.swift */; };
/* End PBXBuildFile section */

/* Begin PBXContainerItemProxy section */
		D812FF151B151411009D3016 /* PBXContainerItemProxy */ = {
			isa = PBXContainerItemProxy;
			containerPortal = D8E261EA19CA9E1400279372 /* Project object */;
			proxyType = 1;
			remoteGlobalIDString = D812FF081B151410009D3016;
			remoteInfo = Circulate;
		};
		D812FF811B154614009D3016 /* PBXContainerItemProxy */ = {
			isa = PBXContainerItemProxy;
			containerPortal = D8E261EA19CA9E1400279372 /* Project object */;
			proxyType = 1;
			remoteGlobalIDString = D812FF081B151410009D3016;
			remoteInfo = Circulate;
		};
/* End PBXContainerItemProxy section */

/* Begin PBXCopyFilesBuildPhase section */
		D812FF891B154614009D3016 /* Embed Frameworks */ = {
			isa = PBXCopyFilesBuildPhase;
			buildActionMask = 2147483647;
			dstPath = "";
			dstSubfolderSpec = 10;
			files = (
				D812FF841B154614009D3016 /* Box.framework in Embed Frameworks */,
				D8980E061B30CB8500B467B6 /* EditableProperty.framework in Embed Frameworks */,
				D812FF861B154614009D3016 /* ReactiveCocoa.framework in Embed Frameworks */,
				D812FF801B154614009D3016 /* Circulate.framework in Embed Frameworks */,
				D80525751B193861000BD258 /* Rex.framework in Embed Frameworks */,
				D812FF881B154614009D3016 /* Result.framework in Embed Frameworks */,
			);
			name = "Embed Frameworks";
			runOnlyForDeploymentPostprocessing = 0;
		};
/* End PBXCopyFilesBuildPhase section */

/* Begin PBXFileReference section */
		D80525721B193858000BD258 /* Rex.framework */ = {isa = PBXFileReference; lastKnownFileType = wrapper.framework; name = Rex.framework; path = Carthage/Build/iOS/Rex.framework; sourceTree = "<group>"; };
		D80525761B193EBF000BD258 /* Peripheral.swift */ = {isa = PBXFileReference; fileEncoding = 4; lastKnownFileType = sourcecode.swift; path = Peripheral.swift; sourceTree = "<group>"; };
		D80525781B193F18000BD258 /* CentralManager.swift */ = {isa = PBXFileReference; fileEncoding = 4; lastKnownFileType = sourcecode.swift; path = CentralManager.swift; sourceTree = "<group>"; };
		D812FF091B151410009D3016 /* Circulate.framework */ = {isa = PBXFileReference; explicitFileType = wrapper.framework; includeInIndex = 0; path = Circulate.framework; sourceTree = BUILT_PRODUCTS_DIR; };
		D812FF0C1B151410009D3016 /* Info.plist */ = {isa = PBXFileReference; lastKnownFileType = text.plist.xml; path = Info.plist; sourceTree = "<group>"; };
		D812FF0D1B151410009D3016 /* Circulate.h */ = {isa = PBXFileReference; lastKnownFileType = sourcecode.c.h; path = Circulate.h; sourceTree = "<group>"; };
		D812FF131B151410009D3016 /* CirculateTests.xctest */ = {isa = PBXFileReference; explicitFileType = wrapper.cfbundle; includeInIndex = 0; path = CirculateTests.xctest; sourceTree = BUILT_PRODUCTS_DIR; };
		D812FF1B1B151411009D3016 /* Info.plist */ = {isa = PBXFileReference; lastKnownFileType = text.plist.xml; path = Info.plist; sourceTree = "<group>"; };
		D812FF1C1B151411009D3016 /* CirculateTests.swift */ = {isa = PBXFileReference; lastKnownFileType = sourcecode.swift; path = CirculateTests.swift; sourceTree = "<group>"; };
		D812FF2D1B152352009D3016 /* Box.framework */ = {isa = PBXFileReference; lastKnownFileType = wrapper.framework; name = Box.framework; path = Carthage/Build/iOS/Box.framework; sourceTree = "<group>"; };
		D812FF2E1B152352009D3016 /* ReactiveCocoa.framework */ = {isa = PBXFileReference; lastKnownFileType = wrapper.framework; name = ReactiveCocoa.framework; path = Carthage/Build/iOS/ReactiveCocoa.framework; sourceTree = "<group>"; };
		D812FF2F1B152352009D3016 /* Result.framework */ = {isa = PBXFileReference; lastKnownFileType = wrapper.framework; name = Result.framework; path = Carthage/Build/iOS/Result.framework; sourceTree = "<group>"; };
		D812FF5D1B1545A8009D3016 /* Example.app */ = {isa = PBXFileReference; explicitFileType = wrapper.application; includeInIndex = 0; path = Example.app; sourceTree = BUILT_PRODUCTS_DIR; };
		D812FF601B1545A8009D3016 /* Info.plist */ = {isa = PBXFileReference; lastKnownFileType = text.plist.xml; path = Info.plist; sourceTree = "<group>"; };
		D812FF611B1545A8009D3016 /* AppDelegate.swift */ = {isa = PBXFileReference; lastKnownFileType = sourcecode.swift; path = AppDelegate.swift; sourceTree = "<group>"; };
		D812FF631B1545A8009D3016 /* DeviceList.swift */ = {isa = PBXFileReference; lastKnownFileType = sourcecode.swift; path = DeviceList.swift; sourceTree = "<group>"; };
		D812FF661B1545A8009D3016 /* Base */ = {isa = PBXFileReference; lastKnownFileType = file.storyboard; name = Base; path = Base.lproj/Main.storyboard; sourceTree = "<group>"; };
		D812FF681B1545A8009D3016 /* Images.xcassets */ = {isa = PBXFileReference; lastKnownFileType = folder.assetcatalog; path = Images.xcassets; sourceTree = "<group>"; };
		D812FF6B1B1545A8009D3016 /* Base */ = {isa = PBXFileReference; lastKnownFileType = file.xib; name = Base; path = Base.lproj/LaunchScreen.xib; sourceTree = "<group>"; };
		D82399541B1650A80096E95C /* CBCentralManagerState.swift */ = {isa = PBXFileReference; fileEncoding = 4; lastKnownFileType = sourcecode.swift; path = CBCentralManagerState.swift; sourceTree = "<group>"; };
		D830401319CAAD8F009E7581 /* CoreBluetooth.framework */ = {isa = PBXFileReference; lastKnownFileType = wrapper.framework; name = CoreBluetooth.framework; path = System/Library/Frameworks/CoreBluetooth.framework; sourceTree = SDKROOT; };
		D843548519E7968E00D15545 /* README.md */ = {isa = PBXFileReference; fileEncoding = 4; lastKnownFileType = net.daringfireball.markdown; path = README.md; sourceTree = "<group>"; };
		D84A49CF1B1D1CD2002C8206 /* SignalProducer.swift */ = {isa = PBXFileReference; fileEncoding = 4; lastKnownFileType = sourcecode.swift; path = SignalProducer.swift; sourceTree = "<group>"; };
		D8696D401B1A536100AC1804 /* CentralManagerDelegate.swift */ = {isa = PBXFileReference; fileEncoding = 4; lastKnownFileType = sourcecode.swift; path = CentralManagerDelegate.swift; sourceTree = "<group>"; };
		D8696D421B1A536C00AC1804 /* PeripheralDelegate.swift */ = {isa = PBXFileReference; fileEncoding = 4; lastKnownFileType = sourcecode.swift; path = PeripheralDelegate.swift; sourceTree = "<group>"; };
		D88C44A01B1FCA0100A82E69 /* Temperature.swift */ = {isa = PBXFileReference; fileEncoding = 4; lastKnownFileType = sourcecode.swift; path = Temperature.swift; sourceTree = "<group>"; };
		D8980E041B30CB8500B467B6 /* EditableProperty.framework */ = {isa = PBXFileReference; lastKnownFileType = wrapper.framework; name = EditableProperty.framework; path = Carthage/Build/iOS/EditableProperty.framework; sourceTree = "<group>"; };
		D8980E0A1B30D91500B467B6 /* CommandQueue.swift */ = {isa = PBXFileReference; fileEncoding = 4; lastKnownFileType = sourcecode.swift; path = CommandQueue.swift; sourceTree = "<group>"; };
		D8D608871B2F98BD0068D35B /* Property.swift */ = {isa = PBXFileReference; fileEncoding = 4; lastKnownFileType = sourcecode.swift; path = Property.swift; sourceTree = "<group>"; };
		D8D608941B2FB29E0068D35B /* TemperaturePicker.swift */ = {isa = PBXFileReference; fileEncoding = 4; lastKnownFileType = sourcecode.swift; path = TemperaturePicker.swift; sourceTree = "<group>"; };
		D8F0972B1B17AB01002E15BA /* DeviceScreen.swift */ = {isa = PBXFileReference; fileEncoding = 4; lastKnownFileType = sourcecode.swift; path = DeviceScreen.swift; sourceTree = "<group>"; };
		D8F0972F1B17AB3D002E15BA /* ProducerDataSource.swift */ = {isa = PBXFileReference; fileEncoding = 4; lastKnownFileType = sourcecode.swift; path = ProducerDataSource.swift; sourceTree = "<group>"; };
		D8F097331B17C95B002E15BA /* AnovaDevice.swift */ = {isa = PBXFileReference; fileEncoding = 4; lastKnownFileType = sourcecode.swift; path = AnovaDevice.swift; sourceTree = "<group>"; };
/* End PBXFileReference section */

/* Begin PBXFrameworksBuildPhase section */
		D812FF051B151410009D3016 /* Frameworks */ = {
			isa = PBXFrameworksBuildPhase;
			buildActionMask = 2147483647;
			files = (
				D812FF301B152352009D3016 /* Box.framework in Frameworks */,
				D812FF2C1B152159009D3016 /* CoreBluetooth.framework in Frameworks */,
				D8980E071B30CBD600B467B6 /* EditableProperty.framework in Frameworks */,
				D812FF311B152352009D3016 /* ReactiveCocoa.framework in Frameworks */,
				D812FF321B152352009D3016 /* Result.framework in Frameworks */,
				D80525731B193858000BD258 /* Rex.framework in Frameworks */,
			);
			runOnlyForDeploymentPostprocessing = 0;
		};
		D812FF101B151410009D3016 /* Frameworks */ = {
			isa = PBXFrameworksBuildPhase;
			buildActionMask = 2147483647;
			files = (
				D812FF141B151411009D3016 /* Circulate.framework in Frameworks */,
			);
			runOnlyForDeploymentPostprocessing = 0;
		};
		D812FF5A1B1545A8009D3016 /* Frameworks */ = {
			isa = PBXFrameworksBuildPhase;
			buildActionMask = 2147483647;
			files = (
				D8980E051B30CB8500B467B6 /* EditableProperty.framework in Frameworks */,
				D812FF8A1B15461B009D3016 /* CoreBluetooth.framework in Frameworks */,
				D812FF831B154614009D3016 /* Box.framework in Frameworks */,
				D812FF851B154614009D3016 /* ReactiveCocoa.framework in Frameworks */,
				D812FF7F1B154614009D3016 /* Circulate.framework in Frameworks */,
				D80525741B193861000BD258 /* Rex.framework in Frameworks */,
				D812FF871B154614009D3016 /* Result.framework in Frameworks */,
			);
			runOnlyForDeploymentPostprocessing = 0;
		};
/* End PBXFrameworksBuildPhase section */

/* Begin PBXGroup section */
		D812FF0A1B151410009D3016 /* Source */ = {
			isa = PBXGroup;
			children = (
				D8F097331B17C95B002E15BA /* AnovaDevice.swift */,
				D82399541B1650A80096E95C /* CBCentralManagerState.swift */,
				D80525781B193F18000BD258 /* CentralManager.swift */,
				D8696D401B1A536100AC1804 /* CentralManagerDelegate.swift */,
				D8980E0A1B30D91500B467B6 /* CommandQueue.swift */,
				D80525761B193EBF000BD258 /* Peripheral.swift */,
				D8696D421B1A536C00AC1804 /* PeripheralDelegate.swift */,
				D8D608871B2F98BD0068D35B /* Property.swift */,
				D84A49CF1B1D1CD2002C8206 /* SignalProducer.swift */,
				D88C44A01B1FCA0100A82E69 /* Temperature.swift */,
				D812FF0B1B151410009D3016 /* Supporting Files */,
			);
			path = Source;
			sourceTree = "<group>";
		};
		D812FF0B1B151410009D3016 /* Supporting Files */ = {
			isa = PBXGroup;
			children = (
				D812FF0D1B151410009D3016 /* Circulate.h */,
				D812FF0C1B151410009D3016 /* Info.plist */,
			);
			name = "Supporting Files";
			sourceTree = "<group>";
		};
		D812FF191B151411009D3016 /* Tests */ = {
			isa = PBXGroup;
			children = (
				D812FF1C1B151411009D3016 /* CirculateTests.swift */,
				D812FF1A1B151411009D3016 /* Supporting Files */,
			);
			path = Tests;
			sourceTree = "<group>";
		};
		D812FF1A1B151411009D3016 /* Supporting Files */ = {
			isa = PBXGroup;
			children = (
				D812FF1B1B151411009D3016 /* Info.plist */,
			);
			name = "Supporting Files";
			sourceTree = "<group>";
		};
		D812FF5E1B1545A8009D3016 /* Example */ = {
			isa = PBXGroup;
			children = (
				D8D608941B2FB29E0068D35B /* TemperaturePicker.swift */,
				D812FF611B1545A8009D3016 /* AppDelegate.swift */,
				D812FF631B1545A8009D3016 /* DeviceList.swift */,
				D8F0972B1B17AB01002E15BA /* DeviceScreen.swift */,
				D8F0972F1B17AB3D002E15BA /* ProducerDataSource.swift */,
				D812FF651B1545A8009D3016 /* Main.storyboard */,
				D812FF681B1545A8009D3016 /* Images.xcassets */,
				D812FF6A1B1545A8009D3016 /* LaunchScreen.xib */,
				D812FF5F1B1545A8009D3016 /* Supporting Files */,
			);
			path = Example;
			sourceTree = "<group>";
		};
		D812FF5F1B1545A8009D3016 /* Supporting Files */ = {
			isa = PBXGroup;
			children = (
				D812FF601B1545A8009D3016 /* Info.plist */,
			);
			name = "Supporting Files";
			sourceTree = "<group>";
		};
		D830401519CAAD9C009E7581 /* Frameworks */ = {
			isa = PBXGroup;
			children = (
				D812FF2D1B152352009D3016 /* Box.framework */,
				D830401319CAAD8F009E7581 /* CoreBluetooth.framework */,
				D8980E041B30CB8500B467B6 /* EditableProperty.framework */,
				D812FF2E1B152352009D3016 /* ReactiveCocoa.framework */,
				D812FF2F1B152352009D3016 /* Result.framework */,
				D80525721B193858000BD258 /* Rex.framework */,
			);
			name = Frameworks;
			sourceTree = "<group>";
		};
		D8E261E919CA9E1400279372 = {
			isa = PBXGroup;
			children = (
				D812FF5E1B1545A8009D3016 /* Example */,
				D812FF0A1B151410009D3016 /* Source */,
				D812FF191B151411009D3016 /* Tests */,
				D8E261F319CA9E1400279372 /* Products */,
				D830401519CAAD9C009E7581 /* Frameworks */,
				D843548519E7968E00D15545 /* README.md */,
			);
			sourceTree = "<group>";
		};
		D8E261F319CA9E1400279372 /* Products */ = {
			isa = PBXGroup;
			children = (
				D812FF091B151410009D3016 /* Circulate.framework */,
				D812FF131B151410009D3016 /* CirculateTests.xctest */,
				D812FF5D1B1545A8009D3016 /* Example.app */,
			);
			name = Products;
			sourceTree = "<group>";
		};
/* End PBXGroup section */

/* Begin PBXHeadersBuildPhase section */
		D812FF061B151410009D3016 /* Headers */ = {
			isa = PBXHeadersBuildPhase;
			buildActionMask = 2147483647;
			files = (
				D812FF0E1B151410009D3016 /* Circulate.h in Headers */,
			);
			runOnlyForDeploymentPostprocessing = 0;
		};
/* End PBXHeadersBuildPhase section */

/* Begin PBXNativeTarget section */
		D812FF081B151410009D3016 /* Circulate */ = {
			isa = PBXNativeTarget;
			buildConfigurationList = D812FF261B151411009D3016 /* Build configuration list for PBXNativeTarget "Circulate" */;
			buildPhases = (
				D812FF041B151410009D3016 /* Sources */,
				D812FF051B151410009D3016 /* Frameworks */,
				D812FF061B151410009D3016 /* Headers */,
				D812FF071B151410009D3016 /* Resources */,
			);
			buildRules = (
			);
			dependencies = (
			);
			name = Circulate;
			productName = Circulate;
			productReference = D812FF091B151410009D3016 /* Circulate.framework */;
			productType = "com.apple.product-type.framework";
		};
		D812FF121B151410009D3016 /* CirculateTests */ = {
			isa = PBXNativeTarget;
			buildConfigurationList = D812FF281B151411009D3016 /* Build configuration list for PBXNativeTarget "CirculateTests" */;
			buildPhases = (
				D812FF0F1B151410009D3016 /* Sources */,
				D812FF101B151410009D3016 /* Frameworks */,
				D812FF111B151410009D3016 /* Resources */,
			);
			buildRules = (
			);
			dependencies = (
				D812FF161B151411009D3016 /* PBXTargetDependency */,
			);
			name = CirculateTests;
			productName = CirculateTests;
			productReference = D812FF131B151410009D3016 /* CirculateTests.xctest */;
			productType = "com.apple.product-type.bundle.unit-test";
		};
		D812FF5C1B1545A8009D3016 /* Example */ = {
			isa = PBXNativeTarget;
			buildConfigurationList = D812FF791B1545A8009D3016 /* Build configuration list for PBXNativeTarget "Example" */;
			buildPhases = (
				D812FF591B1545A8009D3016 /* Sources */,
				D812FF5A1B1545A8009D3016 /* Frameworks */,
				D812FF5B1B1545A8009D3016 /* Resources */,
				D812FF891B154614009D3016 /* Embed Frameworks */,
			);
			buildRules = (
			);
			dependencies = (
				D812FF821B154614009D3016 /* PBXTargetDependency */,
			);
			name = Example;
			productName = Example;
			productReference = D812FF5D1B1545A8009D3016 /* Example.app */;
			productType = "com.apple.product-type.application";
		};
/* End PBXNativeTarget section */

/* Begin PBXProject section */
		D8E261EA19CA9E1400279372 /* Project object */ = {
			isa = PBXProject;
			attributes = {
				LastUpgradeCheck = 0610;
				ORGANIZATIONNAME = "Neil Pankey";
				TargetAttributes = {
					D812FF081B151410009D3016 = {
						CreatedOnToolsVersion = 6.3.2;
					};
					D812FF121B151410009D3016 = {
						CreatedOnToolsVersion = 6.3.2;
						TestTargetID = D8E261F119CA9E1400279372;
					};
					D812FF5C1B1545A8009D3016 = {
						CreatedOnToolsVersion = 6.3.2;
					};
				};
			};
			buildConfigurationList = D8E261ED19CA9E1400279372 /* Build configuration list for PBXProject "Circulate" */;
			compatibilityVersion = "Xcode 3.2";
			developmentRegion = English;
			hasScannedForEncodings = 0;
			knownRegions = (
				en,
				Base,
			);
			mainGroup = D8E261E919CA9E1400279372;
			productRefGroup = D8E261F319CA9E1400279372 /* Products */;
			projectDirPath = "";
			projectRoot = "";
			targets = (
				D812FF081B151410009D3016 /* Circulate */,
				D812FF121B151410009D3016 /* CirculateTests */,
				D812FF5C1B1545A8009D3016 /* Example */,
			);
		};
/* End PBXProject section */

/* Begin PBXResourcesBuildPhase section */
		D812FF071B151410009D3016 /* Resources */ = {
			isa = PBXResourcesBuildPhase;
			buildActionMask = 2147483647;
			files = (
			);
			runOnlyForDeploymentPostprocessing = 0;
		};
		D812FF111B151410009D3016 /* Resources */ = {
			isa = PBXResourcesBuildPhase;
			buildActionMask = 2147483647;
			files = (
			);
			runOnlyForDeploymentPostprocessing = 0;
		};
		D812FF5B1B1545A8009D3016 /* Resources */ = {
			isa = PBXResourcesBuildPhase;
			buildActionMask = 2147483647;
			files = (
				D812FF671B1545A8009D3016 /* Main.storyboard in Resources */,
				D812FF6C1B1545A8009D3016 /* LaunchScreen.xib in Resources */,
				D812FF691B1545A8009D3016 /* Images.xcassets in Resources */,
			);
			runOnlyForDeploymentPostprocessing = 0;
		};
/* End PBXResourcesBuildPhase section */

/* Begin PBXSourcesBuildPhase section */
		D812FF041B151410009D3016 /* Sources */ = {
			isa = PBXSourcesBuildPhase;
			buildActionMask = 2147483647;
			files = (
				D8D608881B2F98BD0068D35B /* Property.swift in Sources */,
				D8696D431B1A536C00AC1804 /* PeripheralDelegate.swift in Sources */,
				D84A49D01B1D1CD2002C8206 /* SignalProducer.swift in Sources */,
				D8980E0B1B30D91500B467B6 /* CommandQueue.swift in Sources */,
				D88C44A11B1FCA0100A82E69 /* Temperature.swift in Sources */,
				D80525771B193EBF000BD258 /* Peripheral.swift in Sources */,
				D8696D411B1A536100AC1804 /* CentralManagerDelegate.swift in Sources */,
				D8F097351B17C9CD002E15BA /* AnovaDevice.swift in Sources */,
				D80525791B193F18000BD258 /* CentralManager.swift in Sources */,
			);
			runOnlyForDeploymentPostprocessing = 0;
		};
		D812FF0F1B151410009D3016 /* Sources */ = {
			isa = PBXSourcesBuildPhase;
			buildActionMask = 2147483647;
			files = (
				D812FF1D1B151411009D3016 /* CirculateTests.swift in Sources */,
			);
			runOnlyForDeploymentPostprocessing = 0;
		};
		D812FF591B1545A8009D3016 /* Sources */ = {
			isa = PBXSourcesBuildPhase;
			buildActionMask = 2147483647;
			files = (
				D82399551B1650A80096E95C /* CBCentralManagerState.swift in Sources */,
				D8F0972C1B17AB01002E15BA /* DeviceScreen.swift in Sources */,
				D812FF641B1545A8009D3016 /* DeviceList.swift in Sources */,
				D8F097301B17AB3D002E15BA /* ProducerDataSource.swift in Sources */,
				D8D608951B2FB29E0068D35B /* TemperaturePicker.swift in Sources */,
				D812FF621B1545A8009D3016 /* AppDelegate.swift in Sources */,
			);
			runOnlyForDeploymentPostprocessing = 0;
		};
/* End PBXSourcesBuildPhase section */

/* Begin PBXTargetDependency section */
		D812FF161B151411009D3016 /* PBXTargetDependency */ = {
			isa = PBXTargetDependency;
			target = D812FF081B151410009D3016 /* Circulate */;
			targetProxy = D812FF151B151411009D3016 /* PBXContainerItemProxy */;
		};
		D812FF821B154614009D3016 /* PBXTargetDependency */ = {
			isa = PBXTargetDependency;
			target = D812FF081B151410009D3016 /* Circulate */;
			targetProxy = D812FF811B154614009D3016 /* PBXContainerItemProxy */;
		};
/* End PBXTargetDependency section */

/* Begin PBXVariantGroup section */
		D812FF651B1545A8009D3016 /* Main.storyboard */ = {
			isa = PBXVariantGroup;
			children = (
				D812FF661B1545A8009D3016 /* Base */,
			);
			name = Main.storyboard;
			sourceTree = "<group>";
		};
		D812FF6A1B1545A8009D3016 /* LaunchScreen.xib */ = {
			isa = PBXVariantGroup;
			children = (
				D812FF6B1B1545A8009D3016 /* Base */,
			);
			name = LaunchScreen.xib;
			sourceTree = "<group>";
		};
/* End PBXVariantGroup section */

/* Begin XCBuildConfiguration section */
		D812FF221B151411009D3016 /* Debug */ = {
			isa = XCBuildConfiguration;
			buildSettings = {
				CLANG_ENABLE_MODULES = YES;
				CURRENT_PROJECT_VERSION = 1;
				DEBUG_INFORMATION_FORMAT = "dwarf-with-dsym";
				DEFINES_MODULE = YES;
				DYLIB_COMPATIBILITY_VERSION = 1;
				DYLIB_CURRENT_VERSION = 1;
				DYLIB_INSTALL_NAME_BASE = "@rpath";
				FRAMEWORK_SEARCH_PATHS = (
					"$(inherited)",
					"$(PROJECT_DIR)/Carthage/Build/iOS",
				);
				GCC_NO_COMMON_BLOCKS = YES;
				GCC_PREPROCESSOR_DEFINITIONS = (
					"DEBUG=1",
					"$(inherited)",
				);
				INFOPLIST_FILE = Source/Info.plist;
				INSTALL_PATH = "$(LOCAL_LIBRARY_DIR)/Frameworks";
				IPHONEOS_DEPLOYMENT_TARGET = 8.0;
				LD_RUNPATH_SEARCH_PATHS = "$(inherited) @executable_path/Frameworks @loader_path/Frameworks";
				PRODUCT_NAME = "$(TARGET_NAME)";
				SKIP_INSTALL = YES;
				SWIFT_OPTIMIZATION_LEVEL = "-Onone";
				VERSIONING_SYSTEM = "apple-generic";
				VERSION_INFO_PREFIX = "";
			};
			name = Debug;
		};
		D812FF231B151411009D3016 /* Release */ = {
			isa = XCBuildConfiguration;
			buildSettings = {
				CLANG_ENABLE_MODULES = YES;
				COPY_PHASE_STRIP = NO;
				CURRENT_PROJECT_VERSION = 1;
				DEBUG_INFORMATION_FORMAT = "dwarf-with-dsym";
				DEFINES_MODULE = YES;
				DYLIB_COMPATIBILITY_VERSION = 1;
				DYLIB_CURRENT_VERSION = 1;
				DYLIB_INSTALL_NAME_BASE = "@rpath";
				FRAMEWORK_SEARCH_PATHS = (
					"$(inherited)",
					"$(PROJECT_DIR)/Carthage/Build/iOS",
				);
				GCC_NO_COMMON_BLOCKS = YES;
				INFOPLIST_FILE = Source/Info.plist;
				INSTALL_PATH = "$(LOCAL_LIBRARY_DIR)/Frameworks";
				IPHONEOS_DEPLOYMENT_TARGET = 8.0;
				LD_RUNPATH_SEARCH_PATHS = "$(inherited) @executable_path/Frameworks @loader_path/Frameworks";
				PRODUCT_NAME = "$(TARGET_NAME)";
				SKIP_INSTALL = YES;
				VERSIONING_SYSTEM = "apple-generic";
				VERSION_INFO_PREFIX = "";
			};
			name = Release;
		};
		D812FF241B151411009D3016 /* Debug */ = {
			isa = XCBuildConfiguration;
			buildSettings = {
				DEBUG_INFORMATION_FORMAT = "dwarf-with-dsym";
				FRAMEWORK_SEARCH_PATHS = (
					"$(SDKROOT)/Developer/Library/Frameworks",
					"$(inherited)",
				);
				GCC_NO_COMMON_BLOCKS = YES;
				GCC_PREPROCESSOR_DEFINITIONS = (
					"DEBUG=1",
					"$(inherited)",
				);
				INFOPLIST_FILE = Tests/Info.plist;
				IPHONEOS_DEPLOYMENT_TARGET = 8.3;
				LD_RUNPATH_SEARCH_PATHS = "$(inherited) @executable_path/Frameworks @loader_path/Frameworks";
				PRODUCT_NAME = "$(TARGET_NAME)";
				TEST_HOST = "$(BUILT_PRODUCTS_DIR)/Circulate-Demo.app/Circulate-Demo";
			};
			name = Debug;
		};
		D812FF251B151411009D3016 /* Release */ = {
			isa = XCBuildConfiguration;
			buildSettings = {
				COPY_PHASE_STRIP = NO;
				DEBUG_INFORMATION_FORMAT = "dwarf-with-dsym";
				FRAMEWORK_SEARCH_PATHS = (
					"$(SDKROOT)/Developer/Library/Frameworks",
					"$(inherited)",
				);
				GCC_NO_COMMON_BLOCKS = YES;
				INFOPLIST_FILE = Tests/Info.plist;
				IPHONEOS_DEPLOYMENT_TARGET = 8.3;
				LD_RUNPATH_SEARCH_PATHS = "$(inherited) @executable_path/Frameworks @loader_path/Frameworks";
				PRODUCT_NAME = "$(TARGET_NAME)";
				TEST_HOST = "$(BUILT_PRODUCTS_DIR)/Circulate-Demo.app/Circulate-Demo";
			};
			name = Release;
		};
		D812FF7A1B1545A8009D3016 /* Debug */ = {
			isa = XCBuildConfiguration;
			buildSettings = {
				ASSETCATALOG_COMPILER_APPICON_NAME = AppIcon;
				DEBUG_INFORMATION_FORMAT = "dwarf-with-dsym";
				FRAMEWORK_SEARCH_PATHS = (
					"$(inherited)",
					"$(PROJECT_DIR)/Carthage/Build/iOS",
				);
				GCC_NO_COMMON_BLOCKS = YES;
				GCC_PREPROCESSOR_DEFINITIONS = (
					"DEBUG=1",
					"$(inherited)",
				);
				INFOPLIST_FILE = Example/Info.plist;
				IPHONEOS_DEPLOYMENT_TARGET = 8.0;
				LD_RUNPATH_SEARCH_PATHS = "$(inherited) @executable_path/Frameworks";
				PRODUCT_NAME = "$(TARGET_NAME)";
				SWIFT_OPTIMIZATION_LEVEL = "-Onone";
			};
			name = Debug;
		};
		D812FF7B1B1545A8009D3016 /* Release */ = {
			isa = XCBuildConfiguration;
			buildSettings = {
				ASSETCATALOG_COMPILER_APPICON_NAME = AppIcon;
				COPY_PHASE_STRIP = NO;
				DEBUG_INFORMATION_FORMAT = "dwarf-with-dsym";
				FRAMEWORK_SEARCH_PATHS = (
					"$(inherited)",
					"$(PROJECT_DIR)/Carthage/Build/iOS",
				);
				GCC_NO_COMMON_BLOCKS = YES;
				INFOPLIST_FILE = Example/Info.plist;
				IPHONEOS_DEPLOYMENT_TARGET = 8.0;
				LD_RUNPATH_SEARCH_PATHS = "$(inherited) @executable_path/Frameworks";
				PRODUCT_NAME = "$(TARGET_NAME)";
			};
			name = Release;
		};
		D8E2621319CA9E1400279372 /* Debug */ = {
			isa = XCBuildConfiguration;
			buildSettings = {
				ALWAYS_SEARCH_USER_PATHS = NO;
				CLANG_CXX_LANGUAGE_STANDARD = "gnu++0x";
				CLANG_CXX_LIBRARY = "libc++";
				CLANG_ENABLE_MODULES = YES;
				CLANG_ENABLE_OBJC_ARC = YES;
				CLANG_WARN_BOOL_CONVERSION = YES;
				CLANG_WARN_CONSTANT_CONVERSION = YES;
				CLANG_WARN_DIRECT_OBJC_ISA_USAGE = YES_ERROR;
				CLANG_WARN_EMPTY_BODY = YES;
				CLANG_WARN_ENUM_CONVERSION = YES;
				CLANG_WARN_INT_CONVERSION = YES;
				CLANG_WARN_OBJC_ROOT_CLASS = YES_ERROR;
				CLANG_WARN_UNREACHABLE_CODE = YES;
				CLANG_WARN__DUPLICATE_METHOD_MATCH = YES;
				"CODE_SIGN_IDENTITY[sdk=iphoneos*]" = "iPhone Developer";
				COPY_PHASE_STRIP = NO;
				ENABLE_STRICT_OBJC_MSGSEND = YES;
				GCC_C_LANGUAGE_STANDARD = gnu99;
				GCC_DYNAMIC_NO_PIC = NO;
				GCC_OPTIMIZATION_LEVEL = 0;
				GCC_PREPROCESSOR_DEFINITIONS = (
					"DEBUG=1",
					"$(inherited)",
				);
				GCC_SYMBOLS_PRIVATE_EXTERN = NO;
				GCC_WARN_64_TO_32_BIT_CONVERSION = YES;
				GCC_WARN_ABOUT_RETURN_TYPE = YES_ERROR;
				GCC_WARN_UNDECLARED_SELECTOR = YES;
				GCC_WARN_UNINITIALIZED_AUTOS = YES_AGGRESSIVE;
				GCC_WARN_UNUSED_FUNCTION = YES;
				GCC_WARN_UNUSED_VARIABLE = YES;
				IPHONEOS_DEPLOYMENT_TARGET = 7.0;
				MTL_ENABLE_DEBUG_INFO = YES;
				ONLY_ACTIVE_ARCH = YES;
				SDKROOT = iphoneos;
				TARGETED_DEVICE_FAMILY = "1,2";
			};
			name = Debug;
		};
		D8E2621419CA9E1400279372 /* Release */ = {
			isa = XCBuildConfiguration;
			buildSettings = {
				ALWAYS_SEARCH_USER_PATHS = NO;
				CLANG_CXX_LANGUAGE_STANDARD = "gnu++0x";
				CLANG_CXX_LIBRARY = "libc++";
				CLANG_ENABLE_MODULES = YES;
				CLANG_ENABLE_OBJC_ARC = YES;
				CLANG_WARN_BOOL_CONVERSION = YES;
				CLANG_WARN_CONSTANT_CONVERSION = YES;
				CLANG_WARN_DIRECT_OBJC_ISA_USAGE = YES_ERROR;
				CLANG_WARN_EMPTY_BODY = YES;
				CLANG_WARN_ENUM_CONVERSION = YES;
				CLANG_WARN_INT_CONVERSION = YES;
				CLANG_WARN_OBJC_ROOT_CLASS = YES_ERROR;
				CLANG_WARN_UNREACHABLE_CODE = YES;
				CLANG_WARN__DUPLICATE_METHOD_MATCH = YES;
				"CODE_SIGN_IDENTITY[sdk=iphoneos*]" = "iPhone Developer";
				COPY_PHASE_STRIP = YES;
				ENABLE_NS_ASSERTIONS = NO;
				ENABLE_STRICT_OBJC_MSGSEND = YES;
				GCC_C_LANGUAGE_STANDARD = gnu99;
				GCC_WARN_64_TO_32_BIT_CONVERSION = YES;
				GCC_WARN_ABOUT_RETURN_TYPE = YES_ERROR;
				GCC_WARN_UNDECLARED_SELECTOR = YES;
				GCC_WARN_UNINITIALIZED_AUTOS = YES_AGGRESSIVE;
				GCC_WARN_UNUSED_FUNCTION = YES;
				GCC_WARN_UNUSED_VARIABLE = YES;
				IPHONEOS_DEPLOYMENT_TARGET = 7.0;
				MTL_ENABLE_DEBUG_INFO = NO;
				SDKROOT = iphoneos;
				TARGETED_DEVICE_FAMILY = "1,2";
				VALIDATE_PRODUCT = YES;
			};
			name = Release;
		};
/* End XCBuildConfiguration section */

/* Begin XCConfigurationList section */
		D812FF261B151411009D3016 /* Build configuration list for PBXNativeTarget "Circulate" */ = {
			isa = XCConfigurationList;
			buildConfigurations = (
				D812FF221B151411009D3016 /* Debug */,
				D812FF231B151411009D3016 /* Release */,
			);
			defaultConfigurationIsVisible = 0;
			defaultConfigurationName = Release;
		};
		D812FF281B151411009D3016 /* Build configuration list for PBXNativeTarget "CirculateTests" */ = {
			isa = XCConfigurationList;
			buildConfigurations = (
				D812FF241B151411009D3016 /* Debug */,
				D812FF251B151411009D3016 /* Release */,
			);
			defaultConfigurationIsVisible = 0;
			defaultConfigurationName = Release;
		};
		D812FF791B1545A8009D3016 /* Build configuration list for PBXNativeTarget "Example" */ = {
			isa = XCConfigurationList;
			buildConfigurations = (
				D812FF7A1B1545A8009D3016 /* Debug */,
				D812FF7B1B1545A8009D3016 /* Release */,
			);
			defaultConfigurationIsVisible = 0;
			defaultConfigurationName = Release;
		};
		D8E261ED19CA9E1400279372 /* Build configuration list for PBXProject "Circulate" */ = {
			isa = XCConfigurationList;
			buildConfigurations = (
				D8E2621319CA9E1400279372 /* Debug */,
				D8E2621419CA9E1400279372 /* Release */,
			);
			defaultConfigurationIsVisible = 0;
			defaultConfigurationName = Release;
		};
/* End XCConfigurationList section */
	};
	rootObject = D8E261EA19CA9E1400279372 /* Project object */;
}
